
Microsoft Visual Studio Solution File, Format Version 12.00
# Visual Studio 14
VisualStudioVersion = 14.0.25123.0
MinimumVisualStudioVersion = 10.0.40219.1
Project("{62F302AE-9B53-4C36-93D9-A87911ADF8E4}") = "Sitecore.Support.287186", "Sitecore.Support.287186\Sitecore.Support.287186.csproj", "{0BE129A9-54C2-48E2-8509-C81DC0547A0D}"
EndProject
Global
	GlobalSection(SolutionConfigurationPlatforms) = preSolution
		Debug|Any CPU = Debug|Any CPU
		Release|Any CPU = Release|Any CPU
	EndGlobalSection
	GlobalSection(ProjectConfigurationPlatforms) = postSolution
		{0BE129A9-54C2-48E2-8509-C81DC0547A0D}.Debug|Any CPU.ActiveCfg = Debug|Any CPU
		{0BE129A9-54C2-48E2-8509-C81DC0547A0D}.Debug|Any CPU.Build.0 = Debug|Any CPU
		{0BE129A9-54C2-48E2-8509-C81DC0547A0D}.Release|Any CPU.ActiveCfg = Release|Any CPU
		{0BE129A9-54C2-48E2-8509-C81DC0547A0D}.Release|Any CPU.Build.0 = Release|Any CPU
	EndGlobalSection
	GlobalSection(SolutionProperties) = preSolution
		HideSolutionNode = FALSE
	EndGlobalSection
EndGlobal
